
Microsoft Visual Studio Solution File, Format Version 12.00
# Visual Studio Version 16
VisualStudioVersion = 16.0.29020.237
MinimumVisualStudioVersion = 10.0.40219.1
Project("{9A19103F-16F7-4668-BE54-9A1E7A4F7556}") = "SpaceEngineersMap", "SpaceEngineersMap\SpaceEngineersMap.csproj", "{CCFA329A-F186-45A7-8578-EBA2698942BA}"
EndProject
Project("{FAE04EC0-301F-11D3-BF4B-00C04F79EFBC}") = "SEMapGPSMod", "SEMapGPSMod\SEMapGPSMod.csproj", "{C02D11B3-251A-4422-A27C-E530D6D3318F}"
EndProject
Global
	GlobalSection(SolutionConfigurationPlatforms) = preSolution
		Debug|Any CPU = Debug|Any CPU
		Release|Any CPU = Release|Any CPU
	EndGlobalSection
	GlobalSection(ProjectConfigurationPlatforms) = postSolution
		{CCFA329A-F186-45A7-8578-EBA2698942BA}.Debug|Any CPU.ActiveCfg = Debug|Any CPU
		{CCFA329A-F186-45A7-8578-EBA2698942BA}.Debug|Any CPU.Build.0 = Debug|Any CPU
		{CCFA329A-F186-45A7-8578-EBA2698942BA}.Release|Any CPU.ActiveCfg = Release|Any CPU
		{CCFA329A-F186-45A7-8578-EBA2698942BA}.Release|Any CPU.Build.0 = Release|Any CPU
		{C02D11B3-251A-4422-A27C-E530D6D3318F}.Debug|Any CPU.ActiveCfg = Debug|Any CPU
		{C02D11B3-251A-4422-A27C-E530D6D3318F}.Debug|Any CPU.Build.0 = Debug|Any CPU
		{C02D11B3-251A-4422-A27C-E530D6D3318F}.Release|Any CPU.ActiveCfg = Release|Any CPU
		{C02D11B3-251A-4422-A27C-E530D6D3318F}.Release|Any CPU.Build.0 = Release|Any CPU
	EndGlobalSection
	GlobalSection(SolutionProperties) = preSolution
		HideSolutionNode = FALSE
	EndGlobalSection
	GlobalSection(ExtensibilityGlobals) = postSolution
		SolutionGuid = {D6306196-2DCF-4C72-BB85-71D4BFE1D9B9}
	EndGlobalSection
EndGlobal
